
Microsoft Visual Studio Solution File, Format Version 12.00
# Visual Studio 15
VisualStudioVersion = 15.0.28307.421
MinimumVisualStudioVersion = 10.0.40219.1
Project("{9A19103F-16F7-4668-BE54-9A1E7A4F7556}") = "Dutil.Core", "Dutil.Core\Dutil.Core.csproj", "{F66E7330-A168-4C1C-B9BD-277E4F964F5B}"
EndProject
Project("{FAE04EC0-301F-11D3-BF4B-00C04F79EFBC}") = "Dutil.Tests", "Dutil.Tests\Dutil.Tests.csproj", "{5B650E11-1563-4652-A169-B649EFC0FA54}"
EndProject
Global
	GlobalSection(SolutionConfigurationPlatforms) = preSolution
		Debug|Any CPU = Debug|Any CPU
		Release|Any CPU = Release|Any CPU
	EndGlobalSection
	GlobalSection(ProjectConfigurationPlatforms) = postSolution
		{F66E7330-A168-4C1C-B9BD-277E4F964F5B}.Debug|Any CPU.ActiveCfg = Debug|Any CPU
		{F66E7330-A168-4C1C-B9BD-277E4F964F5B}.Debug|Any CPU.Build.0 = Debug|Any CPU
		{F66E7330-A168-4C1C-B9BD-277E4F964F5B}.Release|Any CPU.ActiveCfg = Release|Any CPU
		{F66E7330-A168-4C1C-B9BD-277E4F964F5B}.Release|Any CPU.Build.0 = Release|Any CPU
		{5B650E11-1563-4652-A169-B649EFC0FA54}.Debug|Any CPU.ActiveCfg = Debug|Any CPU
		{5B650E11-1563-4652-A169-B649EFC0FA54}.Debug|Any CPU.Build.0 = Debug|Any CPU
		{5B650E11-1563-4652-A169-B649EFC0FA54}.Release|Any CPU.ActiveCfg = Release|Any CPU
		{5B650E11-1563-4652-A169-B649EFC0FA54}.Release|Any CPU.Build.0 = Release|Any CPU
	EndGlobalSection
	GlobalSection(SolutionProperties) = preSolution
		HideSolutionNode = FALSE
	EndGlobalSection
	GlobalSection(ExtensibilityGlobals) = postSolution
		SolutionGuid = {2BB81B4D-1A57-4C6A-B935-8915617A2265}
	EndGlobalSection
EndGlobal
